
Microsoft Visual Studio Solution File, Format Version 12.00
# Visual Studio Version 17
VisualStudioVersion = 17.5.33502.453
MinimumVisualStudioVersion = 10.0.40219.1
Project("{9A19103F-16F7-4668-BE54-9A1E7A4F7556}") = "WebApi7Demo", "WebApi7Demo\WebApi7Demo.csproj", "{F7DA5A4B-245F-48C0-B1FA-B81DB6C11BA6}"
EndProject
Project("{FAE04EC0-301F-11D3-BF4B-00C04F79EFBC}") = "Infrastructure", "Infrastructure\Infrastructure.csproj", "{299480C6-61CC-49B5-8654-BAC3F49DBF00}"
EndProject
Project("{FAE04EC0-301F-11D3-BF4B-00C04F79EFBC}") = "Core", "Core\Core.csproj", "{9D4F3817-1CA9-4DDE-9A5A-4306888C039D}"
EndProject
Global
	GlobalSection(SolutionConfigurationPlatforms) = preSolution
		Debug|Any CPU = Debug|Any CPU
		Release|Any CPU = Release|Any CPU
	EndGlobalSection
	GlobalSection(ProjectConfigurationPlatforms) = postSolution
		{F7DA5A4B-245F-48C0-B1FA-B81DB6C11BA6}.Debug|Any CPU.ActiveCfg = Debug|Any CPU
		{F7DA5A4B-245F-48C0-B1FA-B81DB6C11BA6}.Debug|Any CPU.Build.0 = Debug|Any CPU
		{F7DA5A4B-245F-48C0-B1FA-B81DB6C11BA6}.Release|Any CPU.ActiveCfg = Release|Any CPU
		{F7DA5A4B-245F-48C0-B1FA-B81DB6C11BA6}.Release|Any CPU.Build.0 = Release|Any CPU
		{299480C6-61CC-49B5-8654-BAC3F49DBF00}.Debug|Any CPU.ActiveCfg = Debug|Any CPU
		{299480C6-61CC-49B5-8654-BAC3F49DBF00}.Debug|Any CPU.Build.0 = Debug|Any CPU
		{299480C6-61CC-49B5-8654-BAC3F49DBF00}.Release|Any CPU.ActiveCfg = Release|Any CPU
		{299480C6-61CC-49B5-8654-BAC3F49DBF00}.Release|Any CPU.Build.0 = Release|Any CPU
		{9D4F3817-1CA9-4DDE-9A5A-4306888C039D}.Debug|Any CPU.ActiveCfg = Debug|Any CPU
		{9D4F3817-1CA9-4DDE-9A5A-4306888C039D}.Debug|Any CPU.Build.0 = Debug|Any CPU
		{9D4F3817-1CA9-4DDE-9A5A-4306888C039D}.Release|Any CPU.ActiveCfg = Release|Any CPU
		{9D4F3817-1CA9-4DDE-9A5A-4306888C039D}.Release|Any CPU.Build.0 = Release|Any CPU
	EndGlobalSection
	GlobalSection(SolutionProperties) = preSolution
		HideSolutionNode = FALSE
	EndGlobalSection
	GlobalSection(ExtensibilityGlobals) = postSolution
		SolutionGuid = {B5DB7A9A-446F-40CE-8398-74C1DEB8FDA9}
	EndGlobalSection
EndGlobal
